{"hash":"e3747e35e2dde3fe2a6fcf79e4a08eed","packages":[{"package":"doctrine\/dbal","version":"2.1.x-dev"},{"package":"kriswallsmith\/assetic","version":"master-dev"},{"package":"symfony\/assetic-bundle","version":"master-dev"},{"package":"doctrine\/orm","version":"2.1.x-dev"},{"package":"knplabs\/knp-menu","version":"master-dev"},{"package":"twig\/twig","version":"1.6.0-dev"},{"package":"swiftmailer\/swiftmailer","version":"4.1.6-dev"},{"package":"monolog\/monolog","version":"1.0.2"},{"package":"doctrine\/common","version":"2.1.x-dev"},{"package":"gedmo\/doctrine-extensions","version":"master-dev"},{"package":"stof\/doctrine-extensions-bundle","version":"1.0.x-dev"},{"package":"knplabs\/knp-components","version":"master-dev"},{"package":"knplabs\/knp-markdown-bundle","version":"master-dev"},{"package":"knplabs\/knp-time-bundle","version":"master-dev"},{"package":"knplabs\/knp-menu-bundle","version":"master-dev"},{"package":"knplabs\/knp-paginator-bundle","version":"master-dev"},{"package":"sensio\/distribution-bundle","version":"2.0-dev"},{"package":"sensio\/framework-extra-bundle","version":"2.0-dev"},{"package":"twig\/extensions","version":"master-dev"},{"package":"symfony\/symfony","version":"v2.0.9"}]}