{
    "hash": "0e1e1761274fa44a60337dc3d3a17f7f",
    "packages": [
        {
            "package": "swiftmailer\/swiftmailer",
            "version": "4.1.6-dev"
        },
        {
            "package": "knplabs\/knp-components",
            "version": "master-dev"
        },
        {
            "package": "knplabs\/knp-paginator-bundle",
            "version": "master-dev"
        },
        {
            "package": "sensio\/framework-extra-bundle",
            "version": "master-dev"
        },
        {
            "package": "monolog\/monolog",
            "version": "master-dev"
        },
        {
            "package": "symfony\/swiftmailer-bridge",
            "version": "2.1.0-dev"
        },
        {
            "package": "symfony\/swiftmailer-bundle",
            "version": "2.1.0-dev"
        },
        {
            "package": "kriswallsmith\/assetic",
            "version": "1.1.0-dev"
        },
        {
            "package": "symfony\/assetic-bundle",
            "version": "2.1.0-dev"
        },
        {
            "package": "doctrine\/doctrine-bundle",
            "version": "master-dev"
        },
        {
            "package": "doctrine\/dbal",
            "version": "2.2.1"
        },
        {
            "package": "doctrine\/orm",
            "version": "2.2.0"
        },
        {
            "package": "knplabs\/knp-menu",
            "version": "master-dev"
        },
        {
            "package": "twig\/twig",
            "version": "1.7.0-dev"
        },
        {
            "package": "doctrine\/common",
            "version": "2.2.0"
        },
        {
            "package": "symfony\/monolog-bundle",
            "version": "2.1.0-dev"
        },
        {
            "package": "sensio\/distribution-bundle",
            "version": "master-dev"
        },
        {
            "package": "gedmo\/doctrine-extensions",
            "version": "master-dev"
        },
        {
            "package": "knplabs\/knp-markdown-bundle",
            "version": "master-dev"
        },
        {
            "package": "knplabs\/knp-time-bundle",
            "version": "master-dev"
        },
        {
            "package": "knplabs\/knp-menu-bundle",
            "version": "master-dev"
        },
        {
            "package": "twig\/extensions",
            "version": "master-dev"
        },
        {
            "package": "symfony\/symfony",
            "version": "2.1.0-dev"
        }
    ]
}