{
    "hash": "3ea34eeb49982dba84dac9fd1dfe26f7",
    "packages": [
        {
            "package": "knplabs\/knp-components",
            "version": "master-dev"
        },
        {
            "package": "knplabs\/knp-paginator-bundle",
            "version": "master-dev"
        },
        {
            "package": "sensio\/framework-extra-bundle",
            "version": "master-dev"
        },
        {
            "package": "kriswallsmith\/assetic",
            "version": "master-dev"
        },
        {
            "package": "symfony\/assetic-bundle",
            "version": "master-dev"
        },
        {
            "package": "doctrine\/doctrine-bundle",
            "version": "master-dev"
        },
        {
            "package": "doctrine\/dbal",
            "version": "2.2.1"
        },
        {
            "package": "doctrine\/orm",
            "version": "2.2.0"
        },
        {
            "package": "knplabs\/knp-menu",
            "version": "master-dev"
        },
        {
            "package": "twig\/twig",
            "version": "1.6.0-dev"
        },
        {
            "package": "swiftmailer\/swiftmailer",
            "version": "4.1.6-dev"
        },
        {
            "package": "monolog\/monolog",
            "version": "1.0.2"
        },
        {
            "package": "doctrine\/common",
            "version": "2.2.0"
        },
        {
            "package": "sensio\/distribution-bundle",
            "version": "master-dev"
        },
        {
            "package": "gedmo\/doctrine-extensions",
            "version": "master-dev"
        },
        {
            "package": "knplabs\/knp-markdown-bundle",
            "version": "master-dev"
        },
        {
            "package": "knplabs\/knp-time-bundle",
            "version": "master-dev"
        },
        {
            "package": "knplabs\/knp-menu-bundle",
            "version": "master-dev"
        },
        {
            "package": "twig\/extensions",
            "version": "master-dev"
        },
        {
            "package": "symfony\/symfony",
            "version": "2.1.0-dev"
        }
    ]
}