symfony 23e04e3acb4cb9328a395ddb8b97928dfb1b3627
twig f64d976182a8babe2cec4239f7bde8d629ef8db8
monolog b704c49a3051536f67f2d39f13568f74615b9922
doctrine-common cc04744bcf5a4743c46fae0487ac7a093a722856
doctrine-dbal 1969bdb9939c9f8a18dfcd3621f4862d32f8e612
doctrine e43897916a001b6fe9cd8df27d6c9c272f41c854
swiftmailer eb0ecaa4243efc46e0f54d87c6454e49aa4b62dd
assetic f829ad23d23c87480151a21faad49fefe7c09e5d
twig-extensions d75a453b4e1ad48216cc4803ba9095855f130774
metadata 30c622cad82e39a6856b981a9bfb9df06b3cc067
SensioFrameworkExtraBundle 1c7e92f466d11f83130b0c1271f44d067a2c3b31
SensioDistributionBundle 64ae64795c794e34d964a67e76f0584444189fc2
AsseticBundle 41b5913b5086a0909af92adcb4a6005ee0051b16
gedmo-doctrine-extensions 365dc221179d2232087f884ec7fe5d43cd920a9d
DoctrineExtensionsBundle ff7f1fc311ea63d014b7350225366403632ecd40
knp-components 654ccfa274d7e92159980b8a1e9259492506f8b6
KnpPaginatorBundle 0db0e3bef97b38a8d29b0a4bad9093997e5dd787
KnpMenu 138b735bab508eb3d7266ff64041bb715595b662
KnpMenuBundle 1a19cc85293c1f837d092a919bd5b1dd7ef0c79e
KnpMarkdownBundle 239972dd8e93e30e7c9d95df82636d37d0350f88
KnpTimeBundle b56ef2778a485f49a461b05be38e51b78a7c0b5c